
Microsoft Visual Studio Solution File, Format Version 12.00
# Visual Studio Version 17
VisualStudioVersion = 17.4.33205.214
MinimumVisualStudioVersion = 10.0.40219.1
Project("{FAE04EC0-301F-11D3-BF4B-00C04F79EFBC}") = "EX-15", "EX_15_2023_S1\EX-15.csproj", "{407BCB85-C957-4725-A482-BC5F37BD471B}"
EndProject
Global
	GlobalSection(SolutionConfigurationPlatforms) = preSolution
		Debug|Any CPU = Debug|Any CPU
		Release|Any CPU = Release|Any CPU
	EndGlobalSection
	GlobalSection(ProjectConfigurationPlatforms) = postSolution
		{407BCB85-C957-4725-A482-BC5F37BD471B}.Debug|Any CPU.ActiveCfg = Debug|Any CPU
		{407BCB85-C957-4725-A482-BC5F37BD471B}.Debug|Any CPU.Build.0 = Debug|Any CPU
		{407BCB85-C957-4725-A482-BC5F37BD471B}.Release|Any CPU.ActiveCfg = Release|Any CPU
		{407BCB85-C957-4725-A482-BC5F37BD471B}.Release|Any CPU.Build.0 = Release|Any CPU
	EndGlobalSection
	GlobalSection(SolutionProperties) = preSolution
		HideSolutionNode = FALSE
	EndGlobalSection
	GlobalSection(ExtensibilityGlobals) = postSolution
		SolutionGuid = {E1537AA7-02EC-4C68-9AC2-C1647F9E42FB}
	EndGlobalSection
EndGlobal
