
Microsoft Visual Studio Solution File, Format Version 12.00
# Visual Studio Version 17
VisualStudioVersion = 17.4.33213.308
MinimumVisualStudioVersion = 10.0.40219.1
Project("{FAE04EC0-301F-11D3-BF4B-00C04F79EFBC}") = "EX-4", "EX-4\EX-4.csproj", "{C6544F2D-597E-43A3-B19A-BA41A6016CF3}"
EndProject
Global
	GlobalSection(SolutionConfigurationPlatforms) = preSolution
		Debug|Any CPU = Debug|Any CPU
		Release|Any CPU = Release|Any CPU
	EndGlobalSection
	GlobalSection(ProjectConfigurationPlatforms) = postSolution
		{C6544F2D-597E-43A3-B19A-BA41A6016CF3}.Debug|Any CPU.ActiveCfg = Debug|Any CPU
		{C6544F2D-597E-43A3-B19A-BA41A6016CF3}.Debug|Any CPU.Build.0 = Debug|Any CPU
		{C6544F2D-597E-43A3-B19A-BA41A6016CF3}.Release|Any CPU.ActiveCfg = Release|Any CPU
		{C6544F2D-597E-43A3-B19A-BA41A6016CF3}.Release|Any CPU.Build.0 = Release|Any CPU
	EndGlobalSection
	GlobalSection(SolutionProperties) = preSolution
		HideSolutionNode = FALSE
	EndGlobalSection
	GlobalSection(ExtensibilityGlobals) = postSolution
		SolutionGuid = {D9988646-28B5-4253-84E7-BE61A6F96C16}
	EndGlobalSection
EndGlobal
